
Microsoft Visual Studio Solution File, Format Version 12.00
# Visual Studio Version 17
VisualStudioVersion = 17.4.33103.184
MinimumVisualStudioVersion = 10.0.40219.1
Project("{9A19103F-16F7-4668-BE54-9A1E7A4F7556}") = "ResolutionSwitcherGui", "ResolutionSwitcherGui\ResolutionSwitcherGui.csproj", "{DD52E328-58AA-426B-A900-86ECFDFBEA68}"
EndProject
Project("{FAE04EC0-301F-11D3-BF4B-00C04F79EFBC}") = "ResolutionSwitcher", "ResolutionSwitcher\ResolutionSwitcher.csproj", "{1CEB7744-1F54-43EC-A230-BE7268F2C77D}"
EndProject
Project("{FAE04EC0-301F-11D3-BF4B-00C04F79EFBC}") = "ResolutionSwitcherCli", "ResolutionSwitcherCli\ResolutionSwitcherCli.csproj", "{1F498551-3462-4972-B67D-8D816972C1CB}"
EndProject
Global
	GlobalSection(SolutionConfigurationPlatforms) = preSolution
		Debug|Any CPU = Debug|Any CPU
		Release|Any CPU = Release|Any CPU
	EndGlobalSection
	GlobalSection(ProjectConfigurationPlatforms) = postSolution
		{DD52E328-58AA-426B-A900-86ECFDFBEA68}.Debug|Any CPU.ActiveCfg = Debug|Any CPU
		{DD52E328-58AA-426B-A900-86ECFDFBEA68}.Debug|Any CPU.Build.0 = Debug|Any CPU
		{DD52E328-58AA-426B-A900-86ECFDFBEA68}.Release|Any CPU.ActiveCfg = Release|Any CPU
		{DD52E328-58AA-426B-A900-86ECFDFBEA68}.Release|Any CPU.Build.0 = Release|Any CPU
		{1CEB7744-1F54-43EC-A230-BE7268F2C77D}.Debug|Any CPU.ActiveCfg = Debug|Any CPU
		{1CEB7744-1F54-43EC-A230-BE7268F2C77D}.Debug|Any CPU.Build.0 = Debug|Any CPU
		{1CEB7744-1F54-43EC-A230-BE7268F2C77D}.Release|Any CPU.ActiveCfg = Release|Any CPU
		{1CEB7744-1F54-43EC-A230-BE7268F2C77D}.Release|Any CPU.Build.0 = Release|Any CPU
		{1F498551-3462-4972-B67D-8D816972C1CB}.Debug|Any CPU.ActiveCfg = Debug|Any CPU
		{1F498551-3462-4972-B67D-8D816972C1CB}.Debug|Any CPU.Build.0 = Debug|Any CPU
		{1F498551-3462-4972-B67D-8D816972C1CB}.Release|Any CPU.ActiveCfg = Release|Any CPU
		{1F498551-3462-4972-B67D-8D816972C1CB}.Release|Any CPU.Build.0 = Release|Any CPU
	EndGlobalSection
	GlobalSection(SolutionProperties) = preSolution
		HideSolutionNode = FALSE
	EndGlobalSection
	GlobalSection(ExtensibilityGlobals) = postSolution
		SolutionGuid = {CBA0758D-51E4-4B46-A44D-ECB4ED80D571}
	EndGlobalSection
EndGlobal
