
Microsoft Visual Studio Solution File, Format Version 12.00
# Visual Studio Version 17
VisualStudioVersion = 17.4.33103.184
MinimumVisualStudioVersion = 10.0.40219.1
Project("{FAE04EC0-301F-11D3-BF4B-00C04F79EFBC}") = "resolution-switcher", "resolution-switcher\resolution-switcher.csproj", "{DD52E328-58AA-426B-A900-86ECFDFBEA68}"
EndProject
Global
	GlobalSection(SolutionConfigurationPlatforms) = preSolution
		Debug|Any CPU = Debug|Any CPU
		Release|Any CPU = Release|Any CPU
	EndGlobalSection
	GlobalSection(ProjectConfigurationPlatforms) = postSolution
		{DD52E328-58AA-426B-A900-86ECFDFBEA68}.Debug|Any CPU.ActiveCfg = Debug|Any CPU
		{DD52E328-58AA-426B-A900-86ECFDFBEA68}.Debug|Any CPU.Build.0 = Debug|Any CPU
		{DD52E328-58AA-426B-A900-86ECFDFBEA68}.Release|Any CPU.ActiveCfg = Release|Any CPU
		{DD52E328-58AA-426B-A900-86ECFDFBEA68}.Release|Any CPU.Build.0 = Release|Any CPU
	EndGlobalSection
	GlobalSection(SolutionProperties) = preSolution
		HideSolutionNode = FALSE
	EndGlobalSection
	GlobalSection(ExtensibilityGlobals) = postSolution
		SolutionGuid = {CBA0758D-51E4-4B46-A44D-ECB4ED80D571}
	EndGlobalSection
EndGlobal
